dependencies:
- name: crawler-ui
  repository: file://../crawler-ui
  version: 1.0.1
- name: grabber
  repository: file://../grabber
  version: 1.0.0
- name: rabbitmq
  repository: file://../rabbitmq
  version: 4.2.0
- name: mongodb
  repository: file://../mongodb
  version: 5.3.2
digest: sha256:d599150c8c00371a8d543ca762976ad16413ab24c456f682cff5cbac07f39ef5
generated: 2019-02-17T22:05:28.426128808+03:00
